# Final observed/installed versions, 2026-08-02.
host=local-ai
os=Ubuntu_24.04.4_LTS
kernel=7.0.0-28-generic
cpu=2x_Intel_Xeon_E5-2680_v4_28_physical_56_threads
ram=62_GiB_observed
gpu=NVIDIA_GeForce_RTX_5070_12227_MiB
nvidia_driver=595.84
cuda_toolkit=13.2.2
cuda_nvcc=13.2.86
cuda_compute_capability=12.0
cuda_smoke=PASS_result_42

llama_cpp_source=https://github.com/ggml-org/llama.cpp.git
llama_cpp_tag=b10229
llama_cpp_commit=c745be2a2c5aefbf9f3ced0440804373731890b6
llama_cpp_release=/opt/ai-stack/releases/llama-b10229
llama_cpp_cmake=-G_Ninja;Release;GGML_CUDA=ON;CMAKE_CUDA_ARCHITECTURES=120;GGML_NATIVE=ON;SERVER=ON;TOOLS=ON;EXAMPLES=ON;TESTS=OFF
llama_cpp_build_jobs=28

qwen_model_repo=unsloth/Qwen3-Coder-30B-A3B-Instruct-GGUF
qwen_model_revision=b17cb02dd882d5b6ab62fc777ad2995f19668350
qwen_base_model_revision=b2cff646eb4bb1d68355c01b18ae02e7cf42d120
qwen_model_file=Qwen3-Coder-30B-A3B-Instruct-Q4_K_M.gguf
qwen_model_size_bytes=18556689568
qwen_model_sha256=fadc3e5f8d42bf7e894a785b05082e47daee4df26680389817e2093056f088ad
qwen_model_license=Apache-2.0
qwen_context=32768
qwen_api=127.0.0.1:8012

qwen_code=0.21.3
qwen_code_install=official_standalone_linux_x64
qwen_code_asset_sha256=3cf9620770933926f74ba3f6e490cf7f91f2619c68dbb995ec96af20ee365f2a
qwen_code_config=/home/user/.qwen/settings.json

ghidra=12.1.2_PUBLIC
ghidra_asset_sha256=b62e81a0390618466c019c60d8c2f796ced2509c4c1aea4a37644a77272cf99d
java=OpenJDK_21.0.11
pyghidra_mcp=0.2.3
pyghidra=3.1.0
mcp_python_sdk=1.29.0
ghidrecomp=0.5.9
ghidra_mcp_api=127.0.0.1:8000/mcp

podman=4.9.3
static_container=localhost/ai-static-tools:1.0
capa=9.4.0
rizin=0.9.1
jadx=1.5.6
apktool=3.0.3
dotnet_sdk=10.0.110
ilspycmd=10.1.1.8388
binwalk=2.3.4
yara=4.5.0
clamav=1.5.3
clamav_database=NOT_AVAILABLE_CDN_COOLDOWN_UNTIL_2026-08-03T17:53:04+03:00
pefile=2024.8.26
lief=1.0.0
capstone=5.0.9
unicorn=2.1.4
yara_python=4.5.4
python_magic=0.4.27

libvirt=10.0.0
qemu=8.2.2
vm=windows-analysis
vm_snapshot=empty-template
windows_guest=NOT_INSTALLED_ISO_REQUIRED

pre_base_backup=/srv/local-ai/backups/ai-station-bootstrap-20260802T145102Z/pre-base-config.tar.gz
pre_base_backup_sha256=ba98213c1b3ed9d6fc11480f5258ce3ff5fb5faa04b3caacab36e0b4fe1e75d9
pre_qwen_service_backup=/srv/local-ai/backups/ai-station-bootstrap-20260802T191338Z/pre-qwen-service.tar.gz
pre_qwen_service_backup_sha256=3cebcd967e2c9a5f306239105b81179d31fd8046446a502e7d98fd13b5396985
nvidia_pcie_correctable_events_current_boot=16_historical_no_new_after_load
nvidia_xid_current_boot=0
reboot=PASS_2026-08-02T23:09:31+03:00
post_reboot_qwen3_coder=ACTIVE_ENABLED_NRESTARTS_0
post_reboot_pyghidra_mcp=ACTIVE_ENABLED_NRESTARTS_0
legacy_health_timer=MIGRATED_PASS_RESULT_0_ERRORS
health_check_sha256=087949de327fc545d403ad021745dc9742cd49c6f752958fa82a528c62f2de50
health_check_backup=/srv/local-ai/backups/ai-station-bootstrap-20260802T201351Z
post_reboot_health_timer_auto_run=PASS_2026-08-02T23:18:58+03:00_RESULT_0_ERRORS
